
Microsoft Visual Studio Solution File, Format Version 12.00
# Visual Studio Version 16
VisualStudioVersion = 16.0.32901.82
MinimumVisualStudioVersion = 10.0.40219.1
Project("{8BC9CEB8-8B4A-11D0-8D11-00A0C91BC942}") = "lab8.1.3", "lab8.1.3\lab8.1.3.vcxproj", "{BCD955C8-D6EA-4356-82AB-55992593F332}"
EndProject
Global
	GlobalSection(SolutionConfigurationPlatforms) = preSolution
		Debug|x64 = Debug|x64
		Debug|x86 = Debug|x86
		Release|x64 = Release|x64
		Release|x86 = Release|x86
	EndGlobalSection
	GlobalSection(ProjectConfigurationPlatforms) = postSolution
		{BCD955C8-D6EA-4356-82AB-55992593F332}.Debug|x64.ActiveCfg = Debug|x64
		{BCD955C8-D6EA-4356-82AB-55992593F332}.Debug|x64.Build.0 = Debug|x64
		{BCD955C8-D6EA-4356-82AB-55992593F332}.Debug|x86.ActiveCfg = Debug|Win32
		{BCD955C8-D6EA-4356-82AB-55992593F332}.Debug|x86.Build.0 = Debug|Win32
		{BCD955C8-D6EA-4356-82AB-55992593F332}.Release|x64.ActiveCfg = Release|x64
		{BCD955C8-D6EA-4356-82AB-55992593F332}.Release|x64.Build.0 = Release|x64
		{BCD955C8-D6EA-4356-82AB-55992593F332}.Release|x86.ActiveCfg = Release|Win32
		{BCD955C8-D6EA-4356-82AB-55992593F332}.Release|x86.Build.0 = Release|Win32
	EndGlobalSection
	GlobalSection(SolutionProperties) = preSolution
		HideSolutionNode = FALSE
	EndGlobalSection
	GlobalSection(ExtensibilityGlobals) = postSolution
		SolutionGuid = {3D1C799C-EACA-4363-82F5-C975DB335688}
	EndGlobalSection
EndGlobal
